{
  "name": "graduation code",
  "lockfileVersion": 3,
  "requires": true,
  "packages": {
    "": {
      "dependencies": {
        "constants": "^0.0.2"
      }
    },
    "node_modules/constants": {
      "version": "0.0.2",
      "resolved": "https://registry.npmjs.org/constants/-/constants-0.0.2.tgz",
      "integrity": "sha512-K8aYHRLm9Q/b/Im6CQESZdkH7fblazlncmqPujXt9DP5bxKfi7vVNjRKXx70SnnwCkW6R86o3AcSnkXL7XLq4g==",
      "engines": {
        "node": ">= 0.4"
      }
    }
  }
}
